{
  "nodes": {
    "go-sumtype": {
      "flake": false,
      "locked": {
        "lastModified": 1715516257,
        "narHash": "sha256-8NE7xlDKfqa0RWXOW5XyWTtWXoXjSo0PcjMsG8mzPfU=",
        "owner": "BurntSushi",
        "repo": "go-sumtype",
        "rev": "f9f88f1fa1ac32f356537ac08f8f69c0e45c6dde",
        "type": "github"
      },
      "original": {
        "owner": "BurntSushi",
        "repo": "go-sumtype",
        "type": "github"
      }
    },
    "go123": {
      "flake": false,
      "locked": {
        "lastModified": 1727803469,
        "narHash": "sha256-xx+YPj6EpQa+pRvjl4aVciVGD9Z92URMieXCif0gEm0=",
        "owner": "golang",
        "repo": "go",
        "rev": "ed07b321aef7632f956ce991dd10fdd7e1abd827",
        "type": "github"
      },
      "original": {
        "owner": "golang",
        "ref": "go1.23.2",
        "repo": "go",
        "type": "github"
      }
    },
    "nixpkgs": {
      "locked": {
        "lastModified": 1720781449,
        "narHash": "sha256-po3TZO9kcZwzvkyMJKb0WCzzDtiHWD34XeRaX1lWXp0=",
        "owner": "nixos",
        "repo": "nixpkgs",
        "rev": "8b5a3d5a1d951344d683b442c0739010b80039db",
        "type": "github"
      },
      "original": {
        "owner": "nixos",
        "ref": "nixpkgs-unstable",
        "repo": "nixpkgs",
        "type": "github"
      }
    },
    "root": {
      "inputs": {
        "go-sumtype": "go-sumtype",
        "go123": "go123",
        "nixpkgs": "nixpkgs"
      }
    }
  },
  "root": "root",
  "version": 7
}
