{
  "nodes": {
    "go-sumtype": {
      "flake": false,
      "locked": {
        "lastModified": 1742570730,
        "narHash": "sha256-7KKakdYtTQwnwmu/+vtLqW/4SD9IY4e3jnCY9Yy+9bU=",
        "owner": "BurntSushi",
        "repo": "go-sumtype",
        "rev": "ada76606277d8c95485e971899365079c6f398fe",
        "type": "github"
      },
      "original": {
        "owner": "BurntSushi",
        "repo": "go-sumtype",
        "type": "github"
      }
    },
    "nixpkgs": {
      "locked": {
        "lastModified": 1758763312,
        "narHash": "sha256-puBMviZhYlqOdUUgEmMVJpXqC/ToEqSvkyZ30qQ09xM=",
        "owner": "nixos",
        "repo": "nixpkgs",
        "rev": "e57b3b16ad8758fd681511a078f35c416a8cc939",
        "type": "github"
      },
      "original": {
        "owner": "nixos",
        "ref": "nixpkgs-unstable",
        "repo": "nixpkgs",
        "type": "github"
      }
    },
    "root": {
      "inputs": {
        "go-sumtype": "go-sumtype",
        "nixpkgs": "nixpkgs"
      }
    }
  },
  "root": "root",
  "version": 7
}
